
Microsoft Visual Studio Solution File, Format Version 12.00
# Visual Studio 2015
Project("{FAE04EC0-301F-11D3-BF4B-00C04F79EFBC}") = "roadblock.CSharp", "roadblock.CSharp.csproj", "{FD3C3ADA-4F58-CE2A-2A01-DBD42D29869C}"
EndProject
Project("{FAE04EC0-301F-11D3-BF4B-00C04F79EFBC}") = "roadblock.CSharp.Editor", "roadblock.CSharp.Editor.csproj", "{F8BA4FFD-3629-1753-6E35-158C878B4CF2}"
EndProject
Global
	GlobalSection(SolutionConfigurationPlatforms) = preSolution
		Debug|Any CPU = Debug|Any CPU
		Release|Any CPU = Release|Any CPU
	EndGlobalSection
	GlobalSection(ProjectConfigurationPlatforms) = postSolution
		{FD3C3ADA-4F58-CE2A-2A01-DBD42D29869C}.Debug|Any CPU.ActiveCfg = Debug|Any CPU
		{FD3C3ADA-4F58-CE2A-2A01-DBD42D29869C}.Debug|Any CPU.Build.0 = Debug|Any CPU
		{FD3C3ADA-4F58-CE2A-2A01-DBD42D29869C}.Release|Any CPU.ActiveCfg = Release|Any CPU
		{FD3C3ADA-4F58-CE2A-2A01-DBD42D29869C}.Release|Any CPU.Build.0 = Release|Any CPU
		{F8BA4FFD-3629-1753-6E35-158C878B4CF2}.Debug|Any CPU.ActiveCfg = Debug|Any CPU
		{F8BA4FFD-3629-1753-6E35-158C878B4CF2}.Debug|Any CPU.Build.0 = Debug|Any CPU
		{F8BA4FFD-3629-1753-6E35-158C878B4CF2}.Release|Any CPU.ActiveCfg = Release|Any CPU
		{F8BA4FFD-3629-1753-6E35-158C878B4CF2}.Release|Any CPU.Build.0 = Release|Any CPU
	EndGlobalSection
	GlobalSection(SolutionProperties) = preSolution
		HideSolutionNode = FALSE
	EndGlobalSection
EndGlobal
